<?xml version="1.0" encoding="utf-8"?>
<Project ToolsVersion="4.0" xmlns="http://schemas.microsoft.com/developer/msbuild/2003">
  <ItemGroup>
    <Filter Include="Source Files">
      <UniqueIdentifier>{4dc14f3c-4065-4181-9d8c-ad29c76f066d}</UniqueIdentifier>
      <Extensions>cpp;c;cxx;def;odl;idl;hpj;bat;asm</Extensions>
    </Filter>
    <Filter Include="Header Files">
      <UniqueIdentifier>{4a191784-158e-4d80-9090-d5e60e83115c}</UniqueIdentifier>
      <Extensions>h;hpp;hxx;hm;inl;inc</Extensions>
    </Filter>
    <Filter Include="Resource Files">
      <UniqueIdentifier>{b56bd8bd-7dbf-4ad7-bdff-6c56f11906f4}</UniqueIdentifier>
      <Extensions>rc;ico;cur;bmp;dlg;rc2;rct;bin;rgs;jpg;jpeg;jpe;manifest</Extensions>
    </Filter>
    <Filter Include="Controls">
      <UniqueIdentifier>{4d1dc2b3-fbf4-4b0c-91e8-92a3d0b9182b}</UniqueIdentifier>
    </Filter>
  </ItemGroup>
  <ItemGroup>
    <ClCompile Include="stdafx.cpp">
      <Filter>Source Files</Filter>
    </ClCompile>
    <ClCompile Include="WTLControl.cpp">
      <Filter>Source Files</Filter>
    </ClCompile>
    <ClCompile Include="Controls\ColorButton.cpp">
      <Filter>Controls</Filter>
    </ClCompile>
  </ItemGroup>
  <ItemGroup>
    <ClInclude Include="stdafx.h">
      <Filter>Header Files</Filter>
    </ClInclude>
    <ClInclude Include="MainDlg.h">
      <Filter>Header Files</Filter>
    </ClInclude>
    <ClInclude Include="AboutDlg.h">
      <Filter>Header Files</Filter>
    </ClInclude>
    <ClInclude Include="resource.h">
      <Filter>Header Files</Filter>
    </ClInclude>
    <ClInclude Include="Controls\ListViewCtrlEx.h">
      <Filter>Controls</Filter>
    </ClInclude>
    <ClInclude Include="MemLeakCheck.h">
      <Filter>Header Files</Filter>
    </ClInclude>
    <ClInclude Include="Controls\ColorButton.h">
      <Filter>Controls</Filter>
    </ClInclude>
    <ClInclude Include="Controls\AppBar.h">
      <Filter>Controls</Filter>
    </ClInclude>
    <ClInclude Include="Controls\StaticEx.h">
      <Filter>Controls</Filter>
    </ClInclude>
    <ClInclude Include="Controls\CheckBox.h">
      <Filter>Controls</Filter>
    </ClInclude>
  </ItemGroup>
  <ItemGroup>
    <ResourceCompile Include="WTLControl.rc">
      <Filter>Resource Files</Filter>
    </ResourceCompile>
  </ItemGroup>
  <ItemGroup>
    <Image Include="res\WTLControl.ico">
      <Filter>Resource Files</Filter>
    </Image>
    <Image Include="res\darquid.bmp">
      <Filter>Resource Files</Filter>
    </Image>
    <Image Include="res\cmb.bmp">
      <Filter>Resource Files</Filter>
    </Image>
  </ItemGroup>
</Project>